
Microsoft Visual Studio Solution File, Format Version 12.00
# Visual Studio 14
VisualStudioVersion = 14.0.25420.1
MinimumVisualStudioVersion = 10.0.40219.1
Project("{FAE04EC0-301F-11D3-BF4B-00C04F79EFBC}") = "VamkEmail", "VamkEmail\VamkEmail.csproj", "{B9EC88B3-AB13-4899-BB3C-D627FF90741C}"
EndProject
Global
	GlobalSection(SolutionConfigurationPlatforms) = preSolution
		Debug|Any CPU = Debug|Any CPU
		Release|Any CPU = Release|Any CPU
	EndGlobalSection
	GlobalSection(ProjectConfigurationPlatforms) = postSolution
		{B9EC88B3-AB13-4899-BB3C-D627FF90741C}.Debug|Any CPU.ActiveCfg = Debug|Any CPU
		{B9EC88B3-AB13-4899-BB3C-D627FF90741C}.Debug|Any CPU.Build.0 = Debug|Any CPU
		{B9EC88B3-AB13-4899-BB3C-D627FF90741C}.Release|Any CPU.ActiveCfg = Release|Any CPU
		{B9EC88B3-AB13-4899-BB3C-D627FF90741C}.Release|Any CPU.Build.0 = Release|Any CPU
	EndGlobalSection
	GlobalSection(SolutionProperties) = preSolution
		HideSolutionNode = FALSE
	EndGlobalSection
EndGlobal
